
Microsoft Visual Studio Solution File, Format Version 12.00
# Visual Studio Version 17
VisualStudioVersion = 17.11.35431.28
MinimumVisualStudioVersion = 10.0.40219.1
Project("{FAE04EC0-301F-11D3-BF4B-00C04F79EFBC}") = "BookManagement-InMemory", "BookManagement-InMemory\BookManagement-InMemory.csproj", "{8D2128A4-3E86-42D4-A275-30A72E8D7D05}"
EndProject
Global
	GlobalSection(SolutionConfigurationPlatforms) = preSolution
		Debug|Any CPU = Debug|Any CPU
		Release|Any CPU = Release|Any CPU
	EndGlobalSection
	GlobalSection(ProjectConfigurationPlatforms) = postSolution
		{8D2128A4-3E86-42D4-A275-30A72E8D7D05}.Debug|Any CPU.ActiveCfg = Debug|Any CPU
		{8D2128A4-3E86-42D4-A275-30A72E8D7D05}.Debug|Any CPU.Build.0 = Debug|Any CPU
		{8D2128A4-3E86-42D4-A275-30A72E8D7D05}.Release|Any CPU.ActiveCfg = Release|Any CPU
		{8D2128A4-3E86-42D4-A275-30A72E8D7D05}.Release|Any CPU.Build.0 = Release|Any CPU
	EndGlobalSection
	GlobalSection(SolutionProperties) = preSolution
		HideSolutionNode = FALSE
	EndGlobalSection
	GlobalSection(ExtensibilityGlobals) = postSolution
		SolutionGuid = {F9D5D7A5-5449-4EF0-9420-9732153A82BE}
	EndGlobalSection
EndGlobal
